
Microsoft Visual Studio Solution File, Format Version 12.00
# Visual Studio Version 16
VisualStudioVersion = 16.0.29519.87
MinimumVisualStudioVersion = 10.0.40219.1
Project("{FAE04EC0-301F-11D3-BF4B-00C04F79EFBC}") = "DependencyInjectionMVC", "DependencyInjectionMVC\DependencyInjectionMVC.csproj", "{89FFD332-469E-44D4-8A08-EE6D90A9FD46}"
EndProject
Project("{FAE04EC0-301F-11D3-BF4B-00C04F79EFBC}") = "EssentialTools", "EssentialTools\EssentialTools.csproj", "{B5F57B73-A364-40E6-81BB-176EA1124522}"
EndProject
Global
	GlobalSection(SolutionConfigurationPlatforms) = preSolution
		Debug|Any CPU = Debug|Any CPU
		Release|Any CPU = Release|Any CPU
	EndGlobalSection
	GlobalSection(ProjectConfigurationPlatforms) = postSolution
		{89FFD332-469E-44D4-8A08-EE6D90A9FD46}.Debug|Any CPU.ActiveCfg = Debug|Any CPU
		{89FFD332-469E-44D4-8A08-EE6D90A9FD46}.Debug|Any CPU.Build.0 = Debug|Any CPU
		{89FFD332-469E-44D4-8A08-EE6D90A9FD46}.Release|Any CPU.ActiveCfg = Release|Any CPU
		{89FFD332-469E-44D4-8A08-EE6D90A9FD46}.Release|Any CPU.Build.0 = Release|Any CPU
		{B5F57B73-A364-40E6-81BB-176EA1124522}.Debug|Any CPU.ActiveCfg = Debug|Any CPU
		{B5F57B73-A364-40E6-81BB-176EA1124522}.Debug|Any CPU.Build.0 = Debug|Any CPU
		{B5F57B73-A364-40E6-81BB-176EA1124522}.Release|Any CPU.ActiveCfg = Release|Any CPU
		{B5F57B73-A364-40E6-81BB-176EA1124522}.Release|Any CPU.Build.0 = Release|Any CPU
	EndGlobalSection
	GlobalSection(SolutionProperties) = preSolution
		HideSolutionNode = FALSE
	EndGlobalSection
	GlobalSection(ExtensibilityGlobals) = postSolution
		SolutionGuid = {FF692738-D5AD-42F9-8748-A5C24F76BC54}
	EndGlobalSection
EndGlobal
