
Microsoft Visual Studio Solution File, Format Version 12.00
# Visual Studio Version 16
VisualStudioVersion = 16.0.29519.87
MinimumVisualStudioVersion = 10.0.40219.1
Project("{FAE04EC0-301F-11D3-BF4B-00C04F79EFBC}") = "Delegate", "Delegate\Delegate.csproj", "{F04561B3-EE18-497A-86E0-D4761C11F59B}"
EndProject
Global
	GlobalSection(SolutionConfigurationPlatforms) = preSolution
		Debug|Any CPU = Debug|Any CPU
		Release|Any CPU = Release|Any CPU
	EndGlobalSection
	GlobalSection(ProjectConfigurationPlatforms) = postSolution
		{F04561B3-EE18-497A-86E0-D4761C11F59B}.Debug|Any CPU.ActiveCfg = Debug|Any CPU
		{F04561B3-EE18-497A-86E0-D4761C11F59B}.Debug|Any CPU.Build.0 = Debug|Any CPU
		{F04561B3-EE18-497A-86E0-D4761C11F59B}.Release|Any CPU.ActiveCfg = Release|Any CPU
		{F04561B3-EE18-497A-86E0-D4761C11F59B}.Release|Any CPU.Build.0 = Release|Any CPU
	EndGlobalSection
	GlobalSection(SolutionProperties) = preSolution
		HideSolutionNode = FALSE
	EndGlobalSection
	GlobalSection(ExtensibilityGlobals) = postSolution
		SolutionGuid = {8D1A79F7-77EC-4E81-8003-10837D4E77C9}
	EndGlobalSection
EndGlobal
